
Microsoft Visual Studio Solution File, Format Version 12.00
# Visual Studio 15
VisualStudioVersion = 15.0.28010.2036
MinimumVisualStudioVersion = 10.0.40219.1
Project("{FAE04EC0-301F-11D3-BF4B-00C04F79EFBC}") = "AndoridHellow", "AndoridHellow\AndoridHellow.csproj", "{4D0EFA1F-5589-44CD-892B-5745758E4ECC}"
EndProject
Project("{FAE04EC0-301F-11D3-BF4B-00C04F79EFBC}") = "IosHellow", "..\IosHellow\IosHellow.csproj", "{1BD7BFA0-A1A5-4B5B-8CC1-D82F9B3168D8}"
EndProject
Project("{FAE04EC0-301F-11D3-BF4B-00C04F79EFBC}") = "OpenWebPage", "..\OpenWebPage\OpenWebPage\OpenWebPage.csproj", "{96E31B10-3F13-4C9F-90DE-9F4E8E201B7B}"
EndProject
Project("{FAE04EC0-301F-11D3-BF4B-00C04F79EFBC}") = "SayHelloLib", "..\SayHelloLib\SayHelloLib.csproj", "{81B0977B-3B25-401B-8346-5826D697B211}"
EndProject
Project("{FAE04EC0-301F-11D3-BF4B-00C04F79EFBC}") = "SayHelloApp", "..\SayHelloApp\SayHelloApp.csproj", "{3BC0AC7E-3B3B-4D3F-9CC0-B2BDECC460A6}"
EndProject
Project("{FAE04EC0-301F-11D3-BF4B-00C04F79EFBC}") = "XamarinFormPhoneWorld.Android", "XamarinFormPhoneWorld\XamarinFormPhoneWorld.Android\XamarinFormPhoneWorld.Android.csproj", "{B7670A2E-A319-499C-B5F9-14948BD73882}"
EndProject
Project("{FAE04EC0-301F-11D3-BF4B-00C04F79EFBC}") = "XamarinFormPhoneWorld.iOS", "XamarinFormPhoneWorld\XamarinFormPhoneWorld.iOS\XamarinFormPhoneWorld.iOS.csproj", "{98F7C2C0-5C06-41D8-8047-6598A84348DD}"
EndProject
Project("{FAE04EC0-301F-11D3-BF4B-00C04F79EFBC}") = "XamarinFormPhoneWorld", "XamarinFormPhoneWorld\XamarinFormPhoneWorld\XamarinFormPhoneWorld.csproj", "{54C14F76-3A86-440D-97F6-7CF7F8EFA18F}"
EndProject
Global
	GlobalSection(SolutionConfigurationPlatforms) = preSolution
		Ad-Hoc|Any CPU = Ad-Hoc|Any CPU
		Ad-Hoc|iPhone = Ad-Hoc|iPhone
		Ad-Hoc|iPhoneSimulator = Ad-Hoc|iPhoneSimulator
		AppStore|Any CPU = AppStore|Any CPU
		AppStore|iPhone = AppStore|iPhone
		AppStore|iPhoneSimulator = AppStore|iPhoneSimulator
		Debug|Any CPU = Debug|Any CPU
		Debug|iPhone = Debug|iPhone
		Debug|iPhoneSimulator = Debug|iPhoneSimulator
		Release|Any CPU = Release|Any CPU
		Release|iPhone = Release|iPhone
		Release|iPhoneSimulator = Release|iPhoneSimulator
	EndGlobalSection
	GlobalSection(ProjectConfigurationPlatforms) = postSolution
		{4D0EFA1F-5589-44CD-892B-5745758E4ECC}.Ad-Hoc|Any CPU.ActiveCfg = Release|Any CPU
		{4D0EFA1F-5589-44CD-892B-5745758E4ECC}.Ad-Hoc|Any CPU.Build.0 = Release|Any CPU
		{4D0EFA1F-5589-44CD-892B-5745758E4ECC}.Ad-Hoc|Any CPU.Deploy.0 = Release|Any CPU
		{4D0EFA1F-5589-44CD-892B-5745758E4ECC}.Ad-Hoc|iPhone.ActiveCfg = Release|Any CPU
		{4D0EFA1F-5589-44CD-892B-5745758E4ECC}.Ad-Hoc|iPhone.Build.0 = Release|Any CPU
		{4D0EFA1F-5589-44CD-892B-5745758E4ECC}.Ad-Hoc|iPhone.Deploy.0 = Release|Any CPU
		{4D0EFA1F-5589-44CD-892B-5745758E4ECC}.Ad-Hoc|iPhoneSimulator.ActiveCfg = Release|Any CPU
		{4D0EFA1F-5589-44CD-892B-5745758E4ECC}.Ad-Hoc|iPhoneSimulator.Build.0 = Release|Any CPU
		{4D0EFA1F-5589-44CD-892B-5745758E4ECC}.Ad-Hoc|iPhoneSimulator.Deploy.0 = Release|Any CPU
		{4D0EFA1F-5589-44CD-892B-5745758E4ECC}.AppStore|Any CPU.ActiveCfg = Release|Any CPU
		{4D0EFA1F-5589-44CD-892B-5745758E4ECC}.AppStore|Any CPU.Build.0 = Release|Any CPU
		{4D0EFA1F-5589-44CD-892B-5745758E4ECC}.AppStore|Any CPU.Deploy.0 = Release|Any CPU
		{4D0EFA1F-5589-44CD-892B-5745758E4ECC}.AppStore|iPhone.ActiveCfg = Release|Any CPU
		{4D0EFA1F-5589-44CD-892B-5745758E4ECC}.AppStore|iPhone.Build.0 = Release|Any CPU
		{4D0EFA1F-5589-44CD-892B-5745758E4ECC}.AppStore|iPhone.Deploy.0 = Release|Any CPU
		{4D0EFA1F-5589-44CD-892B-5745758E4ECC}.AppStore|iPhoneSimulator.ActiveCfg = Release|Any CPU
		{4D0EFA1F-5589-44CD-892B-5745758E4ECC}.AppStore|iPhoneSimulator.Build.0 = Release|Any CPU
		{4D0EFA1F-5589-44CD-892B-5745758E4ECC}.AppStore|iPhoneSimulator.Deploy.0 = Release|Any CPU
		{4D0EFA1F-5589-44CD-892B-5745758E4ECC}.Debug|Any CPU.ActiveCfg = Debug|Any CPU
		{4D0EFA1F-5589-44CD-892B-5745758E4ECC}.Debug|Any CPU.Build.0 = Debug|Any CPU
		{4D0EFA1F-5589-44CD-892B-5745758E4ECC}.Debug|Any CPU.Deploy.0 = Debug|Any CPU
		{4D0EFA1F-5589-44CD-892B-5745758E4ECC}.Debug|iPhone.ActiveCfg = Debug|Any CPU
		{4D0EFA1F-5589-44CD-892B-5745758E4ECC}.Debug|iPhone.Build.0 = Debug|Any CPU
		{4D0EFA1F-5589-44CD-892B-5745758E4ECC}.Debug|iPhone.Deploy.0 = Debug|Any CPU
		{4D0EFA1F-5589-44CD-892B-5745758E4ECC}.Debug|iPhoneSimulator.ActiveCfg = Debug|Any CPU
		{4D0EFA1F-5589-44CD-892B-5745758E4ECC}.Debug|iPhoneSimulator.Build.0 = Debug|Any CPU
		{4D0EFA1F-5589-44CD-892B-5745758E4ECC}.Debug|iPhoneSimulator.Deploy.0 = Debug|Any CPU
		{4D0EFA1F-5589-44CD-892B-5745758E4ECC}.Release|Any CPU.ActiveCfg = Release|Any CPU
		{4D0EFA1F-5589-44CD-892B-5745758E4ECC}.Release|Any CPU.Build.0 = Release|Any CPU
		{4D0EFA1F-5589-44CD-892B-5745758E4ECC}.Release|Any CPU.Deploy.0 = Release|Any CPU
		{4D0EFA1F-5589-44CD-892B-5745758E4ECC}.Release|iPhone.ActiveCfg = Release|Any CPU
		{4D0EFA1F-5589-44CD-892B-5745758E4ECC}.Release|iPhone.Build.0 = Release|Any CPU
		{4D0EFA1F-5589-44CD-892B-5745758E4ECC}.Release|iPhone.Deploy.0 = Release|Any CPU
		{4D0EFA1F-5589-44CD-892B-5745758E4ECC}.Release|iPhoneSimulator.ActiveCfg = Release|Any CPU
		{4D0EFA1F-5589-44CD-892B-5745758E4ECC}.Release|iPhoneSimulator.Build.0 = Release|Any CPU
		{4D0EFA1F-5589-44CD-892B-5745758E4ECC}.Release|iPhoneSimulator.Deploy.0 = Release|Any CPU
		{1BD7BFA0-A1A5-4B5B-8CC1-D82F9B3168D8}.Ad-Hoc|Any CPU.ActiveCfg = Release|iPhoneSimulator
		{1BD7BFA0-A1A5-4B5B-8CC1-D82F9B3168D8}.Ad-Hoc|Any CPU.Build.0 = Release|iPhoneSimulator
		{1BD7BFA0-A1A5-4B5B-8CC1-D82F9B3168D8}.Ad-Hoc|iPhone.ActiveCfg = Release|iPhone
		{1BD7BFA0-A1A5-4B5B-8CC1-D82F9B3168D8}.Ad-Hoc|iPhone.Build.0 = Release|iPhone
		{1BD7BFA0-A1A5-4B5B-8CC1-D82F9B3168D8}.Ad-Hoc|iPhoneSimulator.ActiveCfg = Release|iPhoneSimulator
		{1BD7BFA0-A1A5-4B5B-8CC1-D82F9B3168D8}.Ad-Hoc|iPhoneSimulator.Build.0 = Release|iPhoneSimulator
		{1BD7BFA0-A1A5-4B5B-8CC1-D82F9B3168D8}.AppStore|Any CPU.ActiveCfg = Release|iPhoneSimulator
		{1BD7BFA0-A1A5-4B5B-8CC1-D82F9B3168D8}.AppStore|Any CPU.Build.0 = Release|iPhoneSimulator
		{1BD7BFA0-A1A5-4B5B-8CC1-D82F9B3168D8}.AppStore|iPhone.ActiveCfg = Release|iPhone
		{1BD7BFA0-A1A5-4B5B-8CC1-D82F9B3168D8}.AppStore|iPhone.Build.0 = Release|iPhone
		{1BD7BFA0-A1A5-4B5B-8CC1-D82F9B3168D8}.AppStore|iPhoneSimulator.ActiveCfg = Release|iPhoneSimulator
		{1BD7BFA0-A1A5-4B5B-8CC1-D82F9B3168D8}.AppStore|iPhoneSimulator.Build.0 = Release|iPhoneSimulator
		{1BD7BFA0-A1A5-4B5B-8CC1-D82F9B3168D8}.Debug|Any CPU.ActiveCfg = Debug|iPhone
		{1BD7BFA0-A1A5-4B5B-8CC1-D82F9B3168D8}.Debug|iPhone.ActiveCfg = Debug|iPhone
		{1BD7BFA0-A1A5-4B5B-8CC1-D82F9B3168D8}.Debug|iPhone.Build.0 = Debug|iPhone
		{1BD7BFA0-A1A5-4B5B-8CC1-D82F9B3168D8}.Debug|iPhoneSimulator.ActiveCfg = Debug|iPhoneSimulator
		{1BD7BFA0-A1A5-4B5B-8CC1-D82F9B3168D8}.Debug|iPhoneSimulator.Build.0 = Debug|iPhoneSimulator
		{1BD7BFA0-A1A5-4B5B-8CC1-D82F9B3168D8}.Release|Any CPU.ActiveCfg = Release|iPhone
		{1BD7BFA0-A1A5-4B5B-8CC1-D82F9B3168D8}.Release|iPhone.ActiveCfg = Release|iPhone
		{1BD7BFA0-A1A5-4B5B-8CC1-D82F9B3168D8}.Release|iPhone.Build.0 = Release|iPhone
		{1BD7BFA0-A1A5-4B5B-8CC1-D82F9B3168D8}.Release|iPhoneSimulator.ActiveCfg = Release|iPhoneSimulator
		{1BD7BFA0-A1A5-4B5B-8CC1-D82F9B3168D8}.Release|iPhoneSimulator.Build.0 = Release|iPhoneSimulator
		{96E31B10-3F13-4C9F-90DE-9F4E8E201B7B}.Ad-Hoc|Any CPU.ActiveCfg = Release|Any CPU
		{96E31B10-3F13-4C9F-90DE-9F4E8E201B7B}.Ad-Hoc|Any CPU.Build.0 = Release|Any CPU
		{96E31B10-3F13-4C9F-90DE-9F4E8E201B7B}.Ad-Hoc|Any CPU.Deploy.0 = Release|Any CPU
		{96E31B10-3F13-4C9F-90DE-9F4E8E201B7B}.Ad-Hoc|iPhone.ActiveCfg = Release|Any CPU
		{96E31B10-3F13-4C9F-90DE-9F4E8E201B7B}.Ad-Hoc|iPhone.Build.0 = Release|Any CPU
		{96E31B10-3F13-4C9F-90DE-9F4E8E201B7B}.Ad-Hoc|iPhone.Deploy.0 = Release|Any CPU
		{96E31B10-3F13-4C9F-90DE-9F4E8E201B7B}.Ad-Hoc|iPhoneSimulator.ActiveCfg = Release|Any CPU
		{96E31B10-3F13-4C9F-90DE-9F4E8E201B7B}.Ad-Hoc|iPhoneSimulator.Build.0 = Release|Any CPU
		{96E31B10-3F13-4C9F-90DE-9F4E8E201B7B}.Ad-Hoc|iPhoneSimulator.Deploy.0 = Release|Any CPU
		{96E31B10-3F13-4C9F-90DE-9F4E8E201B7B}.AppStore|Any CPU.ActiveCfg = Release|Any CPU
		{96E31B10-3F13-4C9F-90DE-9F4E8E201B7B}.AppStore|Any CPU.Build.0 = Release|Any CPU
		{96E31B10-3F13-4C9F-90DE-9F4E8E201B7B}.AppStore|Any CPU.Deploy.0 = Release|Any CPU
		{96E31B10-3F13-4C9F-90DE-9F4E8E201B7B}.AppStore|iPhone.ActiveCfg = Release|Any CPU
		{96E31B10-3F13-4C9F-90DE-9F4E8E201B7B}.AppStore|iPhone.Build.0 = Release|Any CPU
		{96E31B10-3F13-4C9F-90DE-9F4E8E201B7B}.AppStore|iPhone.Deploy.0 = Release|Any CPU
		{96E31B10-3F13-4C9F-90DE-9F4E8E201B7B}.AppStore|iPhoneSimulator.ActiveCfg = Release|Any CPU
		{96E31B10-3F13-4C9F-90DE-9F4E8E201B7B}.AppStore|iPhoneSimulator.Build.0 = Release|Any CPU
		{96E31B10-3F13-4C9F-90DE-9F4E8E201B7B}.AppStore|iPhoneSimulator.Deploy.0 = Release|Any CPU
		{96E31B10-3F13-4C9F-90DE-9F4E8E201B7B}.Debug|Any CPU.ActiveCfg = Debug|Any CPU
		{96E31B10-3F13-4C9F-90DE-9F4E8E201B7B}.Debug|Any CPU.Build.0 = Debug|Any CPU
		{96E31B10-3F13-4C9F-90DE-9F4E8E201B7B}.Debug|Any CPU.Deploy.0 = Debug|Any CPU
		{96E31B10-3F13-4C9F-90DE-9F4E8E201B7B}.Debug|iPhone.ActiveCfg = Debug|Any CPU
		{96E31B10-3F13-4C9F-90DE-9F4E8E201B7B}.Debug|iPhone.Build.0 = Debug|Any CPU
		{96E31B10-3F13-4C9F-90DE-9F4E8E201B7B}.Debug|iPhone.Deploy.0 = Debug|Any CPU
		{96E31B10-3F13-4C9F-90DE-9F4E8E201B7B}.Debug|iPhoneSimulator.ActiveCfg = Debug|Any CPU
		{96E31B10-3F13-4C9F-90DE-9F4E8E201B7B}.Debug|iPhoneSimulator.Build.0 = Debug|Any CPU
		{96E31B10-3F13-4C9F-90DE-9F4E8E201B7B}.Debug|iPhoneSimulator.Deploy.0 = Debug|Any CPU
		{96E31B10-3F13-4C9F-90DE-9F4E8E201B7B}.Release|Any CPU.ActiveCfg = Release|Any CPU
		{96E31B10-3F13-4C9F-90DE-9F4E8E201B7B}.Release|Any CPU.Build.0 = Release|Any CPU
		{96E31B10-3F13-4C9F-90DE-9F4E8E201B7B}.Release|Any CPU.Deploy.0 = Release|Any CPU
		{96E31B10-3F13-4C9F-90DE-9F4E8E201B7B}.Release|iPhone.ActiveCfg = Release|Any CPU
		{96E31B10-3F13-4C9F-90DE-9F4E8E201B7B}.Release|iPhone.Build.0 = Release|Any CPU
		{96E31B10-3F13-4C9F-90DE-9F4E8E201B7B}.Release|iPhone.Deploy.0 = Release|Any CPU
		{96E31B10-3F13-4C9F-90DE-9F4E8E201B7B}.Release|iPhoneSimulator.ActiveCfg = Release|Any CPU
		{96E31B10-3F13-4C9F-90DE-9F4E8E201B7B}.Release|iPhoneSimulator.Build.0 = Release|Any CPU
		{96E31B10-3F13-4C9F-90DE-9F4E8E201B7B}.Release|iPhoneSimulator.Deploy.0 = Release|Any CPU
		{81B0977B-3B25-401B-8346-5826D697B211}.Ad-Hoc|Any CPU.ActiveCfg = Release|Any CPU
		{81B0977B-3B25-401B-8346-5826D697B211}.Ad-Hoc|Any CPU.Build.0 = Release|Any CPU
		{81B0977B-3B25-401B-8346-5826D697B211}.Ad-Hoc|iPhone.ActiveCfg = Release|Any CPU
		{81B0977B-3B25-401B-8346-5826D697B211}.Ad-Hoc|iPhone.Build.0 = Release|Any CPU
		{81B0977B-3B25-401B-8346-5826D697B211}.Ad-Hoc|iPhoneSimulator.ActiveCfg = Release|Any CPU
		{81B0977B-3B25-401B-8346-5826D697B211}.Ad-Hoc|iPhoneSimulator.Build.0 = Release|Any CPU
		{81B0977B-3B25-401B-8346-5826D697B211}.AppStore|Any CPU.ActiveCfg = Release|Any CPU
		{81B0977B-3B25-401B-8346-5826D697B211}.AppStore|Any CPU.Build.0 = Release|Any CPU
		{81B0977B-3B25-401B-8346-5826D697B211}.AppStore|iPhone.ActiveCfg = Release|Any CPU
		{81B0977B-3B25-401B-8346-5826D697B211}.AppStore|iPhone.Build.0 = Release|Any CPU
		{81B0977B-3B25-401B-8346-5826D697B211}.AppStore|iPhoneSimulator.ActiveCfg = Release|Any CPU
		{81B0977B-3B25-401B-8346-5826D697B211}.AppStore|iPhoneSimulator.Build.0 = Release|Any CPU
		{81B0977B-3B25-401B-8346-5826D697B211}.Debug|Any CPU.ActiveCfg = Debug|Any CPU
		{81B0977B-3B25-401B-8346-5826D697B211}.Debug|Any CPU.Build.0 = Debug|Any CPU
		{81B0977B-3B25-401B-8346-5826D697B211}.Debug|iPhone.ActiveCfg = Debug|Any CPU
		{81B0977B-3B25-401B-8346-5826D697B211}.Debug|iPhone.Build.0 = Debug|Any CPU
		{81B0977B-3B25-401B-8346-5826D697B211}.Debug|iPhoneSimulator.ActiveCfg = Debug|Any CPU
		{81B0977B-3B25-401B-8346-5826D697B211}.Debug|iPhoneSimulator.Build.0 = Debug|Any CPU
		{81B0977B-3B25-401B-8346-5826D697B211}.Release|Any CPU.ActiveCfg = Release|Any CPU
		{81B0977B-3B25-401B-8346-5826D697B211}.Release|Any CPU.Build.0 = Release|Any CPU
		{81B0977B-3B25-401B-8346-5826D697B211}.Release|iPhone.ActiveCfg = Release|Any CPU
		{81B0977B-3B25-401B-8346-5826D697B211}.Release|iPhone.Build.0 = Release|Any CPU
		{81B0977B-3B25-401B-8346-5826D697B211}.Release|iPhoneSimulator.ActiveCfg = Release|Any CPU
		{81B0977B-3B25-401B-8346-5826D697B211}.Release|iPhoneSimulator.Build.0 = Release|Any CPU
		{3BC0AC7E-3B3B-4D3F-9CC0-B2BDECC460A6}.Ad-Hoc|Any CPU.ActiveCfg = Release|Any CPU
		{3BC0AC7E-3B3B-4D3F-9CC0-B2BDECC460A6}.Ad-Hoc|Any CPU.Build.0 = Release|Any CPU
		{3BC0AC7E-3B3B-4D3F-9CC0-B2BDECC460A6}.Ad-Hoc|Any CPU.Deploy.0 = Release|Any CPU
		{3BC0AC7E-3B3B-4D3F-9CC0-B2BDECC460A6}.Ad-Hoc|iPhone.ActiveCfg = Release|Any CPU
		{3BC0AC7E-3B3B-4D3F-9CC0-B2BDECC460A6}.Ad-Hoc|iPhone.Build.0 = Release|Any CPU
		{3BC0AC7E-3B3B-4D3F-9CC0-B2BDECC460A6}.Ad-Hoc|iPhone.Deploy.0 = Release|Any CPU
		{3BC0AC7E-3B3B-4D3F-9CC0-B2BDECC460A6}.Ad-Hoc|iPhoneSimulator.ActiveCfg = Release|Any CPU
		{3BC0AC7E-3B3B-4D3F-9CC0-B2BDECC460A6}.Ad-Hoc|iPhoneSimulator.Build.0 = Release|Any CPU
		{3BC0AC7E-3B3B-4D3F-9CC0-B2BDECC460A6}.Ad-Hoc|iPhoneSimulator.Deploy.0 = Release|Any CPU
		{3BC0AC7E-3B3B-4D3F-9CC0-B2BDECC460A6}.AppStore|Any CPU.ActiveCfg = Release|Any CPU
		{3BC0AC7E-3B3B-4D3F-9CC0-B2BDECC460A6}.AppStore|Any CPU.Build.0 = Release|Any CPU
		{3BC0AC7E-3B3B-4D3F-9CC0-B2BDECC460A6}.AppStore|Any CPU.Deploy.0 = Release|Any CPU
		{3BC0AC7E-3B3B-4D3F-9CC0-B2BDECC460A6}.AppStore|iPhone.ActiveCfg = Release|Any CPU
		{3BC0AC7E-3B3B-4D3F-9CC0-B2BDECC460A6}.AppStore|iPhone.Build.0 = Release|Any CPU
		{3BC0AC7E-3B3B-4D3F-9CC0-B2BDECC460A6}.AppStore|iPhone.Deploy.0 = Release|Any CPU
		{3BC0AC7E-3B3B-4D3F-9CC0-B2BDECC460A6}.AppStore|iPhoneSimulator.ActiveCfg = Release|Any CPU
		{3BC0AC7E-3B3B-4D3F-9CC0-B2BDECC460A6}.AppStore|iPhoneSimulator.Build.0 = Release|Any CPU
		{3BC0AC7E-3B3B-4D3F-9CC0-B2BDECC460A6}.AppStore|iPhoneSimulator.Deploy.0 = Release|Any CPU
		{3BC0AC7E-3B3B-4D3F-9CC0-B2BDECC460A6}.Debug|Any CPU.ActiveCfg = Debug|Any CPU
		{3BC0AC7E-3B3B-4D3F-9CC0-B2BDECC460A6}.Debug|Any CPU.Build.0 = Debug|Any CPU
		{3BC0AC7E-3B3B-4D3F-9CC0-B2BDECC460A6}.Debug|Any CPU.Deploy.0 = Debug|Any CPU
		{3BC0AC7E-3B3B-4D3F-9CC0-B2BDECC460A6}.Debug|iPhone.ActiveCfg = Debug|Any CPU
		{3BC0AC7E-3B3B-4D3F-9CC0-B2BDECC460A6}.Debug|iPhone.Build.0 = Debug|Any CPU
		{3BC0AC7E-3B3B-4D3F-9CC0-B2BDECC460A6}.Debug|iPhone.Deploy.0 = Debug|Any CPU
		{3BC0AC7E-3B3B-4D3F-9CC0-B2BDECC460A6}.Debug|iPhoneSimulator.ActiveCfg = Debug|Any CPU
		{3BC0AC7E-3B3B-4D3F-9CC0-B2BDECC460A6}.Debug|iPhoneSimulator.Build.0 = Debug|Any CPU
		{3BC0AC7E-3B3B-4D3F-9CC0-B2BDECC460A6}.Debug|iPhoneSimulator.Deploy.0 = Debug|Any CPU
		{3BC0AC7E-3B3B-4D3F-9CC0-B2BDECC460A6}.Release|Any CPU.ActiveCfg = Release|Any CPU
		{3BC0AC7E-3B3B-4D3F-9CC0-B2BDECC460A6}.Release|Any CPU.Build.0 = Release|Any CPU
		{3BC0AC7E-3B3B-4D3F-9CC0-B2BDECC460A6}.Release|Any CPU.Deploy.0 = Release|Any CPU
		{3BC0AC7E-3B3B-4D3F-9CC0-B2BDECC460A6}.Release|iPhone.ActiveCfg = Release|Any CPU
		{3BC0AC7E-3B3B-4D3F-9CC0-B2BDECC460A6}.Release|iPhone.Build.0 = Release|Any CPU
		{3BC0AC7E-3B3B-4D3F-9CC0-B2BDECC460A6}.Release|iPhone.Deploy.0 = Release|Any CPU
		{3BC0AC7E-3B3B-4D3F-9CC0-B2BDECC460A6}.Release|iPhoneSimulator.ActiveCfg = Release|Any CPU
		{3BC0AC7E-3B3B-4D3F-9CC0-B2BDECC460A6}.Release|iPhoneSimulator.Build.0 = Release|Any CPU
		{3BC0AC7E-3B3B-4D3F-9CC0-B2BDECC460A6}.Release|iPhoneSimulator.Deploy.0 = Release|Any CPU
		{B7670A2E-A319-499C-B5F9-14948BD73882}.Ad-Hoc|Any CPU.ActiveCfg = Release|Any CPU
		{B7670A2E-A319-499C-B5F9-14948BD73882}.Ad-Hoc|Any CPU.Build.0 = Release|Any CPU
		{B7670A2E-A319-499C-B5F9-14948BD73882}.Ad-Hoc|Any CPU.Deploy.0 = Release|Any CPU
		{B7670A2E-A319-499C-B5F9-14948BD73882}.Ad-Hoc|iPhone.ActiveCfg = Release|Any CPU
		{B7670A2E-A319-499C-B5F9-14948BD73882}.Ad-Hoc|iPhone.Build.0 = Release|Any CPU
		{B7670A2E-A319-499C-B5F9-14948BD73882}.Ad-Hoc|iPhone.Deploy.0 = Release|Any CPU
		{B7670A2E-A319-499C-B5F9-14948BD73882}.Ad-Hoc|iPhoneSimulator.ActiveCfg = Release|Any CPU
		{B7670A2E-A319-499C-B5F9-14948BD73882}.Ad-Hoc|iPhoneSimulator.Build.0 = Release|Any CPU
		{B7670A2E-A319-499C-B5F9-14948BD73882}.Ad-Hoc|iPhoneSimulator.Deploy.0 = Release|Any CPU
		{B7670A2E-A319-499C-B5F9-14948BD73882}.AppStore|Any CPU.ActiveCfg = Release|Any CPU
		{B7670A2E-A319-499C-B5F9-14948BD73882}.AppStore|Any CPU.Build.0 = Release|Any CPU
		{B7670A2E-A319-499C-B5F9-14948BD73882}.AppStore|Any CPU.Deploy.0 = Release|Any CPU
		{B7670A2E-A319-499C-B5F9-14948BD73882}.AppStore|iPhone.ActiveCfg = Release|Any CPU
		{B7670A2E-A319-499C-B5F9-14948BD73882}.AppStore|iPhone.Build.0 = Release|Any CPU
		{B7670A2E-A319-499C-B5F9-14948BD73882}.AppStore|iPhone.Deploy.0 = Release|Any CPU
		{B7670A2E-A319-499C-B5F9-14948BD73882}.AppStore|iPhoneSimulator.ActiveCfg = Release|Any CPU
		{B7670A2E-A319-499C-B5F9-14948BD73882}.AppStore|iPhoneSimulator.Build.0 = Release|Any CPU
		{B7670A2E-A319-499C-B5F9-14948BD73882}.AppStore|iPhoneSimulator.Deploy.0 = Release|Any CPU
		{B7670A2E-A319-499C-B5F9-14948BD73882}.Debug|Any CPU.ActiveCfg = Debug|Any CPU
		{B7670A2E-A319-499C-B5F9-14948BD73882}.Debug|Any CPU.Build.0 = Debug|Any CPU
		{B7670A2E-A319-499C-B5F9-14948BD73882}.Debug|Any CPU.Deploy.0 = Debug|Any CPU
		{B7670A2E-A319-499C-B5F9-14948BD73882}.Debug|iPhone.ActiveCfg = Debug|Any CPU
		{B7670A2E-A319-499C-B5F9-14948BD73882}.Debug|iPhone.Build.0 = Debug|Any CPU
		{B7670A2E-A319-499C-B5F9-14948BD73882}.Debug|iPhone.Deploy.0 = Debug|Any CPU
		{B7670A2E-A319-499C-B5F9-14948BD73882}.Debug|iPhoneSimulator.ActiveCfg = Debug|Any CPU
		{B7670A2E-A319-499C-B5F9-14948BD73882}.Debug|iPhoneSimulator.Build.0 = Debug|Any CPU
		{B7670A2E-A319-499C-B5F9-14948BD73882}.Debug|iPhoneSimulator.Deploy.0 = Debug|Any CPU
		{B7670A2E-A319-499C-B5F9-14948BD73882}.Release|Any CPU.ActiveCfg = Release|Any CPU
		{B7670A2E-A319-499C-B5F9-14948BD73882}.Release|Any CPU.Build.0 = Release|Any CPU
		{B7670A2E-A319-499C-B5F9-14948BD73882}.Release|Any CPU.Deploy.0 = Release|Any CPU
		{B7670A2E-A319-499C-B5F9-14948BD73882}.Release|iPhone.ActiveCfg = Release|Any CPU
		{B7670A2E-A319-499C-B5F9-14948BD73882}.Release|iPhone.Build.0 = Release|Any CPU
		{B7670A2E-A319-499C-B5F9-14948BD73882}.Release|iPhone.Deploy.0 = Release|Any CPU
		{B7670A2E-A319-499C-B5F9-14948BD73882}.Release|iPhoneSimulator.ActiveCfg = Release|Any CPU
		{B7670A2E-A319-499C-B5F9-14948BD73882}.Release|iPhoneSimulator.Build.0 = Release|Any CPU
		{B7670A2E-A319-499C-B5F9-14948BD73882}.Release|iPhoneSimulator.Deploy.0 = Release|Any CPU
		{98F7C2C0-5C06-41D8-8047-6598A84348DD}.Ad-Hoc|Any CPU.ActiveCfg = Ad-Hoc|iPhone
		{98F7C2C0-5C06-41D8-8047-6598A84348DD}.Ad-Hoc|iPhone.ActiveCfg = Ad-Hoc|iPhone
		{98F7C2C0-5C06-41D8-8047-6598A84348DD}.Ad-Hoc|iPhone.Build.0 = Ad-Hoc|iPhone
		{98F7C2C0-5C06-41D8-8047-6598A84348DD}.Ad-Hoc|iPhoneSimulator.ActiveCfg = Ad-Hoc|iPhoneSimulator
		{98F7C2C0-5C06-41D8-8047-6598A84348DD}.Ad-Hoc|iPhoneSimulator.Build.0 = Ad-Hoc|iPhoneSimulator
		{98F7C2C0-5C06-41D8-8047-6598A84348DD}.AppStore|Any CPU.ActiveCfg = AppStore|iPhone
		{98F7C2C0-5C06-41D8-8047-6598A84348DD}.AppStore|iPhone.ActiveCfg = AppStore|iPhone
		{98F7C2C0-5C06-41D8-8047-6598A84348DD}.AppStore|iPhone.Build.0 = AppStore|iPhone
		{98F7C2C0-5C06-41D8-8047-6598A84348DD}.AppStore|iPhoneSimulator.ActiveCfg = AppStore|iPhoneSimulator
		{98F7C2C0-5C06-41D8-8047-6598A84348DD}.AppStore|iPhoneSimulator.Build.0 = AppStore|iPhoneSimulator
		{98F7C2C0-5C06-41D8-8047-6598A84348DD}.Debug|Any CPU.ActiveCfg = Debug|iPhone
		{98F7C2C0-5C06-41D8-8047-6598A84348DD}.Debug|iPhone.ActiveCfg = Debug|iPhone
		{98F7C2C0-5C06-41D8-8047-6598A84348DD}.Debug|iPhone.Build.0 = Debug|iPhone
		{98F7C2C0-5C06-41D8-8047-6598A84348DD}.Debug|iPhoneSimulator.ActiveCfg = Debug|iPhoneSimulator
		{98F7C2C0-5C06-41D8-8047-6598A84348DD}.Debug|iPhoneSimulator.Build.0 = Debug|iPhoneSimulator
		{98F7C2C0-5C06-41D8-8047-6598A84348DD}.Release|Any CPU.ActiveCfg = Release|iPhone
		{98F7C2C0-5C06-41D8-8047-6598A84348DD}.Release|iPhone.ActiveCfg = Release|iPhone
		{98F7C2C0-5C06-41D8-8047-6598A84348DD}.Release|iPhone.Build.0 = Release|iPhone
		{98F7C2C0-5C06-41D8-8047-6598A84348DD}.Release|iPhoneSimulator.ActiveCfg = Release|iPhoneSimulator
		{98F7C2C0-5C06-41D8-8047-6598A84348DD}.Release|iPhoneSimulator.Build.0 = Release|iPhoneSimulator
		{54C14F76-3A86-440D-97F6-7CF7F8EFA18F}.Ad-Hoc|Any CPU.ActiveCfg = Debug|Any CPU
		{54C14F76-3A86-440D-97F6-7CF7F8EFA18F}.Ad-Hoc|Any CPU.Build.0 = Debug|Any CPU
		{54C14F76-3A86-440D-97F6-7CF7F8EFA18F}.Ad-Hoc|iPhone.ActiveCfg = Debug|Any CPU
		{54C14F76-3A86-440D-97F6-7CF7F8EFA18F}.Ad-Hoc|iPhone.Build.0 = Debug|Any CPU
		{54C14F76-3A86-440D-97F6-7CF7F8EFA18F}.Ad-Hoc|iPhoneSimulator.ActiveCfg = Debug|Any CPU
		{54C14F76-3A86-440D-97F6-7CF7F8EFA18F}.Ad-Hoc|iPhoneSimulator.Build.0 = Debug|Any CPU
		{54C14F76-3A86-440D-97F6-7CF7F8EFA18F}.AppStore|Any CPU.ActiveCfg = Debug|Any CPU
		{54C14F76-3A86-440D-97F6-7CF7F8EFA18F}.AppStore|Any CPU.Build.0 = Debug|Any CPU
		{54C14F76-3A86-440D-97F6-7CF7F8EFA18F}.AppStore|iPhone.ActiveCfg = Debug|Any CPU
		{54C14F76-3A86-440D-97F6-7CF7F8EFA18F}.AppStore|iPhone.Build.0 = Debug|Any CPU
		{54C14F76-3A86-440D-97F6-7CF7F8EFA18F}.AppStore|iPhoneSimulator.ActiveCfg = Debug|Any CPU
		{54C14F76-3A86-440D-97F6-7CF7F8EFA18F}.AppStore|iPhoneSimulator.Build.0 = Debug|Any CPU
		{54C14F76-3A86-440D-97F6-7CF7F8EFA18F}.Debug|Any CPU.ActiveCfg = Debug|Any CPU
		{54C14F76-3A86-440D-97F6-7CF7F8EFA18F}.Debug|Any CPU.Build.0 = Debug|Any CPU
		{54C14F76-3A86-440D-97F6-7CF7F8EFA18F}.Debug|iPhone.ActiveCfg = Debug|Any CPU
		{54C14F76-3A86-440D-97F6-7CF7F8EFA18F}.Debug|iPhone.Build.0 = Debug|Any CPU
		{54C14F76-3A86-440D-97F6-7CF7F8EFA18F}.Debug|iPhoneSimulator.ActiveCfg = Debug|Any CPU
		{54C14F76-3A86-440D-97F6-7CF7F8EFA18F}.Debug|iPhoneSimulator.Build.0 = Debug|Any CPU
		{54C14F76-3A86-440D-97F6-7CF7F8EFA18F}.Release|Any CPU.ActiveCfg = Release|Any CPU
		{54C14F76-3A86-440D-97F6-7CF7F8EFA18F}.Release|Any CPU.Build.0 = Release|Any CPU
		{54C14F76-3A86-440D-97F6-7CF7F8EFA18F}.Release|iPhone.ActiveCfg = Release|Any CPU
		{54C14F76-3A86-440D-97F6-7CF7F8EFA18F}.Release|iPhone.Build.0 = Release|Any CPU
		{54C14F76-3A86-440D-97F6-7CF7F8EFA18F}.Release|iPhoneSimulator.ActiveCfg = Release|Any CPU
		{54C14F76-3A86-440D-97F6-7CF7F8EFA18F}.Release|iPhoneSimulator.Build.0 = Release|Any CPU
	EndGlobalSection
	GlobalSection(SolutionProperties) = preSolution
		HideSolutionNode = FALSE
	EndGlobalSection
	GlobalSection(ExtensibilityGlobals) = postSolution
		SolutionGuid = {062D20BD-C90B-411F-91BB-40304745FAF2}
	EndGlobalSection
EndGlobal
